<?xml version="1.0" encoding="utf-8"?>
<Project ToolsVersion="4.0" xmlns="http://schemas.microsoft.com/developer/msbuild/2003">
  <ItemGroup>
    <Filter Include="Source Files">
      <UniqueIdentifier>{4FC737F1-C7A5-4376-A066-2A32D752A2FF}</UniqueIdentifier>
      <Extensions>cpp;c;cxx;def;odl;idl;hpj;bat;asm;asmx</Extensions>
    </Filter>
  </ItemGroup>
  <ItemGroup>
    <ClCompile Include="..\..\..\..\..\addons\library.xbmc.addon\dlfcn-win32.cpp">
      <Filter>Source Files</Filter>
    </ClCompile>
    <ClCompile Include="..\..\ClientBridge.cpp">
      <Filter>Source Files</Filter>
    </ClCompile>
    <ClCompile Include="..\..\FrontendBridge.cpp">
      <Filter>Source Files</Filter>
    </ClCompile>
    <ClCompile Include="..\..\LibretroDLL.cpp">
      <Filter>Source Files</Filter>
    </ClCompile>
    <ClCompile Include="..\..\LibretroEnvironment.cpp">
      <Filter>Source Files</Filter>
    </ClCompile>
    <ClCompile Include="..\..\client.cpp">
      <Filter>Source Files</Filter>
    </ClCompile>
    <ClCompile Include="..\..\GameInfoLoader.cpp">
      <Filter>Source Files</Filter>
    </ClCompile>
  </ItemGroup>
  <ItemGroup>
    <ClInclude Include="..\..\ClientBridge.h">
      <Filter>Source Files</Filter>
    </ClInclude>
    <ClInclude Include="..\..\..\..\..\addons\library.xbmc.game\libXBMC_game.h">
      <Filter>Source Files</Filter>
    </ClInclude>
    <ClInclude Include="..\..\..\..\..\addons\library.xbmc.addon\dlfcn-win32.h">
      <Filter>Source Files</Filter>
    </ClInclude>
    <ClInclude Include="..\..\FrontendBridge.h">
      <Filter>Source Files</Filter>
    </ClInclude>
    <ClInclude Include="..\..\libretro.h">
      <Filter>Source Files</Filter>
    </ClInclude>
    <ClInclude Include="..\..\LibretroDLL.h">
      <Filter>Source Files</Filter>
    </ClInclude>
    <ClInclude Include="..\..\LibretroEnvironment.h">
      <Filter>Source Files</Filter>
    </ClInclude>
    <ClInclude Include="..\..\GameInfoLoader.h">
      <Filter>Source Files</Filter>
    </ClInclude>
  </ItemGroup>
</Project>